
Microsoft Visual Studio Solution File, Format Version 9.00
# Visual Studio 2005
Project("{8BC9CEB8-8B4A-11D0-8D11-00A0C91BC942}") = "AcademicCrawlerGUI", "AcademicCrawlerGUI\AcademicCrawlerGUI.vcproj", "{43EACC70-DFB4-4B14-A573-10444DE17EE8}"
	GlobalSection(Qt) = preSolution
		Integration = True
	EndGlobalSection
	ProjectSection(ProjectDependencies) = postProject
		{C53D527F-0589-481E-8D35-5548C814E10B} = {C53D527F-0589-481E-8D35-5548C814E10B}
	EndProjectSection
EndProject
Project("{8BC9CEB8-8B4A-11D0-8D11-00A0C91BC942}") = "AcademicCrawlerCONSOLE", "AcademicCrawlerCONSOLE\AcademicCrawlerCONSOLE.vcproj", "{AE48E3A0-1640-42CA-9685-0B2B31F404D5}"
	ProjectSection(ProjectDependencies) = postProject
		{C53D527F-0589-481E-8D35-5548C814E10B} = {C53D527F-0589-481E-8D35-5548C814E10B}
	EndProjectSection
EndProject
Project("{8BC9CEB8-8B4A-11D0-8D11-00A0C91BC942}") = "AcademicCrawler", "AcademicCrawler\AcademicCrawler.vcproj", "{C53D527F-0589-481E-8D35-5548C814E10B}"
EndProject
Global
	GlobalSection(SolutionConfigurationPlatforms) = preSolution
		Debug|Win32 = Debug|Win32
		Release|Win32 = Release|Win32
	EndGlobalSection
	GlobalSection(ProjectConfigurationPlatforms) = postSolution
		{43EACC70-DFB4-4B14-A573-10444DE17EE8}.Debug|Win32.ActiveCfg = Debug|Win32
		{43EACC70-DFB4-4B14-A573-10444DE17EE8}.Debug|Win32.Build.0 = Debug|Win32
		{43EACC70-DFB4-4B14-A573-10444DE17EE8}.Release|Win32.ActiveCfg = Release|Win32
		{43EACC70-DFB4-4B14-A573-10444DE17EE8}.Release|Win32.Build.0 = Release|Win32
		{AE48E3A0-1640-42CA-9685-0B2B31F404D5}.Debug|Win32.ActiveCfg = Debug|Win32
		{AE48E3A0-1640-42CA-9685-0B2B31F404D5}.Debug|Win32.Build.0 = Debug|Win32
		{AE48E3A0-1640-42CA-9685-0B2B31F404D5}.Release|Win32.ActiveCfg = Release|Win32
		{AE48E3A0-1640-42CA-9685-0B2B31F404D5}.Release|Win32.Build.0 = Release|Win32
		{C53D527F-0589-481E-8D35-5548C814E10B}.Debug|Win32.ActiveCfg = Debug|Win32
		{C53D527F-0589-481E-8D35-5548C814E10B}.Debug|Win32.Build.0 = Debug|Win32
		{C53D527F-0589-481E-8D35-5548C814E10B}.Release|Win32.ActiveCfg = Release|Win32
		{C53D527F-0589-481E-8D35-5548C814E10B}.Release|Win32.Build.0 = Release|Win32
	EndGlobalSection
	GlobalSection(SolutionProperties) = preSolution
		HideSolutionNode = FALSE
	EndGlobalSection
EndGlobal
